
Microsoft Visual Studio Solution File, Format Version 12.00
# Visual Studio Version 16
VisualStudioVersion = 16.0.30309.148
MinimumVisualStudioVersion = 10.0.40219.1
Project("{FAE04EC0-301F-11D3-BF4B-00C04F79EFBC}") = "Contact Manager", "Contact Manager.csproj", "{17730FBD-1025-4429-B0B4-27942C95026E}"
EndProject
Global
	GlobalSection(SolutionConfigurationPlatforms) = preSolution
		Debug|Any CPU = Debug|Any CPU
		Release|Any CPU = Release|Any CPU
	EndGlobalSection
	GlobalSection(ProjectConfigurationPlatforms) = postSolution
		{17730FBD-1025-4429-B0B4-27942C95026E}.Debug|Any CPU.ActiveCfg = Debug|Any CPU
		{17730FBD-1025-4429-B0B4-27942C95026E}.Debug|Any CPU.Build.0 = Debug|Any CPU
		{17730FBD-1025-4429-B0B4-27942C95026E}.Release|Any CPU.ActiveCfg = Release|Any CPU
		{17730FBD-1025-4429-B0B4-27942C95026E}.Release|Any CPU.Build.0 = Release|Any CPU
	EndGlobalSection
	GlobalSection(SolutionProperties) = preSolution
		HideSolutionNode = FALSE
	EndGlobalSection
	GlobalSection(ExtensibilityGlobals) = postSolution
		SolutionGuid = {66370A02-13EA-4306-907D-768E6C0D2D4F}
	EndGlobalSection
EndGlobal
